# This file is automatically @generated by Cargo.
# It is not intended for manual editing.
version = 4

[[package]]
name = "netplaycraft-core"
version = "0.1.0"

[[package]]
name = "netplaycraft-counter"
version = "0.1.0"
dependencies = [
 "netplaycraft-core",
 "netplaycraft-sim",
 "netplaycraft-transport",
 "netplaycraft-transport-memory",
]

[[package]]
name = "netplaycraft-sim"
version = "0.1.0"
dependencies = [
 "netplaycraft-core",
]

[[package]]
name = "netplaycraft-transport"
version = "0.1.0"
dependencies = [
 "netplaycraft-core",
]

[[package]]
name = "netplaycraft-transport-memory"
version = "0.1.0"
dependencies = [
 "netplaycraft-core",
 "netplaycraft-transport",
]
